
Microsoft Visual Studio Solution File, Format Version 12.00
# Visual Studio Version 16
VisualStudioVersion = 16.0.29519.87
MinimumVisualStudioVersion = 10.0.40219.1
Project("{FAE04EC0-301F-11D3-BF4B-00C04F79EFBC}") = "ISK.GA", "ISK.GA.csproj", "{DF378FE0-A8A3-4231-8D6A-FC0B3284FC19}"
EndProject
Global
	GlobalSection(SolutionConfigurationPlatforms) = preSolution
		Debug|Any CPU = Debug|Any CPU
		Release|Any CPU = Release|Any CPU
	EndGlobalSection
	GlobalSection(ProjectConfigurationPlatforms) = postSolution
		{DF378FE0-A8A3-4231-8D6A-FC0B3284FC19}.Debug|Any CPU.ActiveCfg = Debug|Any CPU
		{DF378FE0-A8A3-4231-8D6A-FC0B3284FC19}.Debug|Any CPU.Build.0 = Debug|Any CPU
		{DF378FE0-A8A3-4231-8D6A-FC0B3284FC19}.Release|Any CPU.ActiveCfg = Release|Any CPU
		{DF378FE0-A8A3-4231-8D6A-FC0B3284FC19}.Release|Any CPU.Build.0 = Release|Any CPU
	EndGlobalSection
	GlobalSection(SolutionProperties) = preSolution
		HideSolutionNode = FALSE
	EndGlobalSection
	GlobalSection(ExtensibilityGlobals) = postSolution
		SolutionGuid = {DA21ABC5-403C-447C-BFF4-9FF01D6331A0}
	EndGlobalSection
EndGlobal
